
Microsoft Visual Studio Solution File, Format Version 12.00
# 
Project("{FAE04EC0-301F-11D3-BF4B-00C04F79EFBC}") = "StructForge", "StructForge\StructForge.csproj", "{61F96087-F9D4-4B04-8DFD-6B2833E3339B}"
EndProject
Project("{FAE04EC0-301F-11D3-BF4B-00C04F79EFBC}") = "StructForge.Tests", "StructForge.Tests\StructForge.Tests.csproj", "{29CE2681-94B9-415C-8738-A556DA97E335}"
EndProject
Global
	GlobalSection(SolutionConfigurationPlatforms) = preSolution
		Debug|Any CPU = Debug|Any CPU
		Release|Any CPU = Release|Any CPU
	EndGlobalSection
	GlobalSection(ProjectConfigurationPlatforms) = postSolution
		{61F96087-F9D4-4B04-8DFD-6B2833E3339B}.Debug|Any CPU.ActiveCfg = Debug|Any CPU
		{61F96087-F9D4-4B04-8DFD-6B2833E3339B}.Debug|Any CPU.Build.0 = Debug|Any CPU
		{61F96087-F9D4-4B04-8DFD-6B2833E3339B}.Release|Any CPU.ActiveCfg = Release|Any CPU
		{61F96087-F9D4-4B04-8DFD-6B2833E3339B}.Release|Any CPU.Build.0 = Release|Any CPU
		{29CE2681-94B9-415C-8738-A556DA97E335}.Debug|Any CPU.ActiveCfg = Debug|Any CPU
		{29CE2681-94B9-415C-8738-A556DA97E335}.Debug|Any CPU.Build.0 = Debug|Any CPU
		{29CE2681-94B9-415C-8738-A556DA97E335}.Release|Any CPU.ActiveCfg = Release|Any CPU
		{29CE2681-94B9-415C-8738-A556DA97E335}.Release|Any CPU.Build.0 = Release|Any CPU
	EndGlobalSection
EndGlobal
